
Microsoft Visual Studio Solution File, Format Version 12.00
# Visual Studio 15
VisualStudioVersion = 15.0.26730.12
MinimumVisualStudioVersion = 10.0.40219.1
Project("{FAE04EC0-301F-11D3-BF4B-00C04F79EFBC}") = "DingDingSync", "DingDingSync\DingDingSync.csproj", "{1B4BDBC9-5F09-4879-A4BE-308F2DFB4E32}"
EndProject
Project("{FAE04EC0-301F-11D3-BF4B-00C04F79EFBC}") = "TongXineSyncService", "TongXineSyncService\TongXineSyncService.csproj", "{E32EAC5B-7BB8-449D-A21A-42598A98DCEC}"
EndProject
Project("{FAE04EC0-301F-11D3-BF4B-00C04F79EFBC}") = "DesHelper", "DesHelper\DesHelper.csproj", "{1F7C784C-9FF8-478F-BE23-5A40F03CBEFC}"
EndProject
Project("{FAE04EC0-301F-11D3-BF4B-00C04F79EFBC}") = "Operation", "Operation\Operation.csproj", "{82850451-A413-4AFE-B163-32D3EC7EC3F3}"
EndProject
Project("{FAE04EC0-301F-11D3-BF4B-00C04F79EFBC}") = "DataObject", "DataObject\DataObject.csproj", "{D7F6FD7D-605D-432C-86CE-F84D29BF6219}"
EndProject
Project("{FAE04EC0-301F-11D3-BF4B-00C04F79EFBC}") = "Conf", "Conf\Conf.csproj", "{7356CCC9-5706-4193-9693-DFC4C6448131}"
EndProject
Project("{FAE04EC0-301F-11D3-BF4B-00C04F79EFBC}") = "DBUtility", "DBUtility\DBUtility.csproj", "{11DA1BB4-DCB4-46A3-9EF4-156C953A0227}"
EndProject
Global
	GlobalSection(SolutionConfigurationPlatforms) = preSolution
		Debug|Any CPU = Debug|Any CPU
		Debug|x86 = Debug|x86
		Release|Any CPU = Release|Any CPU
		Release|x86 = Release|x86
	EndGlobalSection
	GlobalSection(ProjectConfigurationPlatforms) = postSolution
		{1B4BDBC9-5F09-4879-A4BE-308F2DFB4E32}.Debug|Any CPU.ActiveCfg = Debug|Any CPU
		{1B4BDBC9-5F09-4879-A4BE-308F2DFB4E32}.Debug|Any CPU.Build.0 = Debug|Any CPU
		{1B4BDBC9-5F09-4879-A4BE-308F2DFB4E32}.Debug|x86.ActiveCfg = Debug|x86
		{1B4BDBC9-5F09-4879-A4BE-308F2DFB4E32}.Debug|x86.Build.0 = Debug|x86
		{1B4BDBC9-5F09-4879-A4BE-308F2DFB4E32}.Release|Any CPU.ActiveCfg = Release|Any CPU
		{1B4BDBC9-5F09-4879-A4BE-308F2DFB4E32}.Release|Any CPU.Build.0 = Release|Any CPU
		{1B4BDBC9-5F09-4879-A4BE-308F2DFB4E32}.Release|x86.ActiveCfg = Release|x86
		{1B4BDBC9-5F09-4879-A4BE-308F2DFB4E32}.Release|x86.Build.0 = Release|x86
		{E32EAC5B-7BB8-449D-A21A-42598A98DCEC}.Debug|Any CPU.ActiveCfg = Debug|Any CPU
		{E32EAC5B-7BB8-449D-A21A-42598A98DCEC}.Debug|Any CPU.Build.0 = Debug|Any CPU
		{E32EAC5B-7BB8-449D-A21A-42598A98DCEC}.Debug|x86.ActiveCfg = Debug|x86
		{E32EAC5B-7BB8-449D-A21A-42598A98DCEC}.Debug|x86.Build.0 = Debug|x86
		{E32EAC5B-7BB8-449D-A21A-42598A98DCEC}.Release|Any CPU.ActiveCfg = Release|Any CPU
		{E32EAC5B-7BB8-449D-A21A-42598A98DCEC}.Release|Any CPU.Build.0 = Release|Any CPU
		{E32EAC5B-7BB8-449D-A21A-42598A98DCEC}.Release|x86.ActiveCfg = Release|Any CPU
		{E32EAC5B-7BB8-449D-A21A-42598A98DCEC}.Release|x86.Build.0 = Release|Any CPU
		{1F7C784C-9FF8-478F-BE23-5A40F03CBEFC}.Debug|Any CPU.ActiveCfg = Debug|Any CPU
		{1F7C784C-9FF8-478F-BE23-5A40F03CBEFC}.Debug|Any CPU.Build.0 = Debug|Any CPU
		{1F7C784C-9FF8-478F-BE23-5A40F03CBEFC}.Debug|x86.ActiveCfg = Debug|x86
		{1F7C784C-9FF8-478F-BE23-5A40F03CBEFC}.Debug|x86.Build.0 = Debug|x86
		{1F7C784C-9FF8-478F-BE23-5A40F03CBEFC}.Release|Any CPU.ActiveCfg = Release|Any CPU
		{1F7C784C-9FF8-478F-BE23-5A40F03CBEFC}.Release|Any CPU.Build.0 = Release|Any CPU
		{1F7C784C-9FF8-478F-BE23-5A40F03CBEFC}.Release|x86.ActiveCfg = Release|Any CPU
		{1F7C784C-9FF8-478F-BE23-5A40F03CBEFC}.Release|x86.Build.0 = Release|Any CPU
		{82850451-A413-4AFE-B163-32D3EC7EC3F3}.Debug|Any CPU.ActiveCfg = Debug|Any CPU
		{82850451-A413-4AFE-B163-32D3EC7EC3F3}.Debug|Any CPU.Build.0 = Debug|Any CPU
		{82850451-A413-4AFE-B163-32D3EC7EC3F3}.Debug|x86.ActiveCfg = Debug|x86
		{82850451-A413-4AFE-B163-32D3EC7EC3F3}.Debug|x86.Build.0 = Debug|x86
		{82850451-A413-4AFE-B163-32D3EC7EC3F3}.Release|Any CPU.ActiveCfg = Release|Any CPU
		{82850451-A413-4AFE-B163-32D3EC7EC3F3}.Release|Any CPU.Build.0 = Release|Any CPU
		{82850451-A413-4AFE-B163-32D3EC7EC3F3}.Release|x86.ActiveCfg = Release|Any CPU
		{82850451-A413-4AFE-B163-32D3EC7EC3F3}.Release|x86.Build.0 = Release|Any CPU
		{D7F6FD7D-605D-432C-86CE-F84D29BF6219}.Debug|Any CPU.ActiveCfg = Debug|Any CPU
		{D7F6FD7D-605D-432C-86CE-F84D29BF6219}.Debug|Any CPU.Build.0 = Debug|Any CPU
		{D7F6FD7D-605D-432C-86CE-F84D29BF6219}.Debug|x86.ActiveCfg = Debug|x86
		{D7F6FD7D-605D-432C-86CE-F84D29BF6219}.Debug|x86.Build.0 = Debug|x86
		{D7F6FD7D-605D-432C-86CE-F84D29BF6219}.Release|Any CPU.ActiveCfg = Release|Any CPU
		{D7F6FD7D-605D-432C-86CE-F84D29BF6219}.Release|Any CPU.Build.0 = Release|Any CPU
		{D7F6FD7D-605D-432C-86CE-F84D29BF6219}.Release|x86.ActiveCfg = Release|Any CPU
		{D7F6FD7D-605D-432C-86CE-F84D29BF6219}.Release|x86.Build.0 = Release|Any CPU
		{7356CCC9-5706-4193-9693-DFC4C6448131}.Debug|Any CPU.ActiveCfg = Debug|Any CPU
		{7356CCC9-5706-4193-9693-DFC4C6448131}.Debug|Any CPU.Build.0 = Debug|Any CPU
		{7356CCC9-5706-4193-9693-DFC4C6448131}.Debug|x86.ActiveCfg = Debug|x86
		{7356CCC9-5706-4193-9693-DFC4C6448131}.Debug|x86.Build.0 = Debug|x86
		{7356CCC9-5706-4193-9693-DFC4C6448131}.Release|Any CPU.ActiveCfg = Release|Any CPU
		{7356CCC9-5706-4193-9693-DFC4C6448131}.Release|Any CPU.Build.0 = Release|Any CPU
		{7356CCC9-5706-4193-9693-DFC4C6448131}.Release|x86.ActiveCfg = Release|Any CPU
		{7356CCC9-5706-4193-9693-DFC4C6448131}.Release|x86.Build.0 = Release|Any CPU
		{11DA1BB4-DCB4-46A3-9EF4-156C953A0227}.Debug|Any CPU.ActiveCfg = Debug|Any CPU
		{11DA1BB4-DCB4-46A3-9EF4-156C953A0227}.Debug|Any CPU.Build.0 = Debug|Any CPU
		{11DA1BB4-DCB4-46A3-9EF4-156C953A0227}.Debug|x86.ActiveCfg = Debug|x86
		{11DA1BB4-DCB4-46A3-9EF4-156C953A0227}.Debug|x86.Build.0 = Debug|x86
		{11DA1BB4-DCB4-46A3-9EF4-156C953A0227}.Release|Any CPU.ActiveCfg = Release|Any CPU
		{11DA1BB4-DCB4-46A3-9EF4-156C953A0227}.Release|Any CPU.Build.0 = Release|Any CPU
		{11DA1BB4-DCB4-46A3-9EF4-156C953A0227}.Release|x86.ActiveCfg = Release|Any CPU
		{11DA1BB4-DCB4-46A3-9EF4-156C953A0227}.Release|x86.Build.0 = Release|Any CPU
	EndGlobalSection
	GlobalSection(SolutionProperties) = preSolution
		HideSolutionNode = FALSE
	EndGlobalSection
	GlobalSection(ExtensibilityGlobals) = postSolution
		SolutionGuid = {F9EAC767-6052-4C39-B7A1-6AD17569EDB0}
	EndGlobalSection
EndGlobal
